// !$*UTF8*$!
{
	archiveVersion = 1;
	classes = {
	};
	objectVersion = 48;
	objects = {

/* Begin PBXBuildFile section */
		0141E23E6958D07AB89D9B7F /* Pods_TableJSON.framework in Frameworks */ = {isa = PBXBuildFile; fileRef = BF207B9F0DC023B175C8CDF9 /* Pods_TableJSON.framework */; };
		5A13F2536A7FCE8077244DEB /* Pods_TableJSONTests.framework in Frameworks */ = {isa = PBXBuildFile; fileRef = 39D3F67DB3BE0B1CECDFA779 /* Pods_TableJSONTests.framework */; };
		E41396DA206184200083D94C /* FoodTableViewCell.swift in Sources */ = {isa = PBXBuildFile; fileRef = E41396D9206184200083D94C /* FoodTableViewCell.swift */; };
		E4191D0D2062190A009F5E18 /* secondViewController.swift in Sources */ = {isa = PBXBuildFile; fileRef = E4191D0C2062190A009F5E18 /* secondViewController.swift */; };
		E4191D0F2062197E009F5E18 /* secondCollectionViewCell.swift in Sources */ = {isa = PBXBuildFile; fileRef = E4191D0E2062197E009F5E18 /* secondCollectionViewCell.swift */; };
		E4428BA12063795A007D2874 /* webview.swift in Sources */ = {isa = PBXBuildFile; fileRef = E4428BA02063795A007D2874 /* webview.swift */; };
		E444ECC820747FC9008630FD /* likeCell.swift in Sources */ = {isa = PBXBuildFile; fileRef = E444ECC720747FC9008630FD /* likeCell.swift */; };
		E444ECCA2074806F008630FD /* likeController.swift in Sources */ = {isa = PBXBuildFile; fileRef = E444ECC92074806F008630FD /* likeController.swift */; };
		E444ECCC20749E47008630FD /* myvideoController.swift in Sources */ = {isa = PBXBuildFile; fileRef = E444ECCB20749E46008630FD /* myvideoController.swift */; };
		E444ECCE20749E7F008630FD /* myvideoCell.swift in Sources */ = {isa = PBXBuildFile; fileRef = E444ECCD20749E7F008630FD /* myvideoCell.swift */; };
		E465AD4F207F1DCD00CCBE64 /* ViewController 03-50-37-347.swift in Sources */ = {isa = PBXBuildFile; fileRef = E465AD4E207F1DCC00CCBE64 /* ViewController 03-50-37-347.swift */; };
		E49069C620734B4A008C9614 /* newsTableViewCell.swift in Sources */ = {isa = PBXBuildFile; fileRef = E49069C520734B4A008C9614 /* newsTableViewCell.swift */; };
		E49069C820734CAC008C9614 /* newsController.swift in Sources */ = {isa = PBXBuildFile; fileRef = E49069C720734CAC008C9614 /* newsController.swift */; };
		E49069CA2073B329008C9614 /* newswebController.swift in Sources */ = {isa = PBXBuildFile; fileRef = E49069C92073B328008C9614 /* newswebController.swift */; };
		E49069CC2073BCBC008C9614 /* HistoryCell.swift in Sources */ = {isa = PBXBuildFile; fileRef = E49069CB2073BCBC008C9614 /* HistoryCell.swift */; };
		E49069CE2073BF6D008C9614 /* HistoryController.swift in Sources */ = {isa = PBXBuildFile; fileRef = E49069CD2073BF6D008C9614 /* HistoryController.swift */; };
		E49069D02073E3D2008C9614 /* watchleterCell.swift in Sources */ = {isa = PBXBuildFile; fileRef = E49069CF2073E3D1008C9614 /* watchleterCell.swift */; };
		E49069D22073E407008C9614 /* watchleterController.swift in Sources */ = {isa = PBXBuildFile; fileRef = E49069D12073E407008C9614 /* watchleterController.swift */; };
		E4BC23A5206D0E5B009AC1E2 /* videosuges.swift in Sources */ = {isa = PBXBuildFile; fileRef = E4BC23A4206D0E5B009AC1E2 /* videosuges.swift */; };
		E4CC659820615682001B4FE2 /* AppDelegate.swift in Sources */ = {isa = PBXBuildFile; fileRef = E4CC659720615682001B4FE2 /* AppDelegate.swift */; };
		E4CC659D20615682001B4FE2 /* Main.storyboard in Resources */ = {isa = PBXBuildFile; fileRef = E4CC659B20615682001B4FE2 /* Main.storyboard */; };
		E4CC659F20615682001B4FE2 /* Assets.xcassets in Resources */ = {isa = PBXBuildFile; fileRef = E4CC659E20615682001B4FE2 /* Assets.xcassets */; };
		E4CC65A220615682001B4FE2 /* LaunchScreen.storyboard in Resources */ = {isa = PBXBuildFile; fileRef = E4CC65A020615682001B4FE2 /* LaunchScreen.storyboard */; };
		E4CC65AD20615683001B4FE2 /* TableJSONTests.swift in Sources */ = {isa = PBXBuildFile; fileRef = E4CC65AC20615683001B4FE2 /* TableJSONTests.swift */; };
		E4CC65B820615683001B4FE2 /* TableJSONUITests.swift in Sources */ = {isa = PBXBuildFile; fileRef = E4CC65B720615683001B4FE2 /* TableJSONUITests.swift */; };
		F16843A58EAEF1FB0BE1A70A /* Pods_TableJSONUITests.framework in Frameworks */ = {isa = PBXBuildFile; fileRef = 04E2639EF13BA3997F113892 /* Pods_TableJSONUITests.framework */; };
/* End PBXBuildFile section */

/* Begin PBXContainerItemProxy section */
		E4CC65A920615683001B4FE2 /* PBXContainerItemProxy */ = {
			isa = PBXContainerItemProxy;
			containerPortal = E4CC658C20615682001B4FE2 /* Project object */;
			proxyType = 1;
			remoteGlobalIDString = E4CC659320615682001B4FE2;
			remoteInfo = TableJSON;
		};
		E4CC65B420615683001B4FE2 /* PBXContainerItemProxy */ = {
			isa = PBXContainerItemProxy;
			containerPortal = E4CC658C20615682001B4FE2 /* Project object */;
			proxyType = 1;
			remoteGlobalIDString = E4CC659320615682001B4FE2;
			remoteInfo = TableJSON;
		};
/* End PBXContainerItemProxy section */

/* Begin PBXFileReference section */
		04E2639EF13BA3997F113892 /* Pods_TableJSONUITests.framework */ = {isa = PBXFileReference; explicitFileType = wrapper.framework; includeInIndex = 0; path = Pods_TableJSONUITests.framework; sourceTree = BUILT_PRODUCTS_DIR; };
		39D3F67DB3BE0B1CECDFA779 /* Pods_TableJSONTests.framework */ = {isa = PBXFileReference; explicitFileType = wrapper.framework; includeInIndex = 0; path = Pods_TableJSONTests.framework; sourceTree = BUILT_PRODUCTS_DIR; };
		6E4D6F992816C3F1F5B95C92 /* Pods-TableJSONUITests.release.xcconfig */ = {isa = PBXFileReference; includeInIndex = 1; lastKnownFileType = text.xcconfig; name = "Pods-TableJSONUITests.release.xcconfig"; path = "Pods/Target Support Files/Pods-TableJSONUITests/Pods-TableJSONUITests.release.xcconfig"; sourceTree = "<group>"; };
		7F3313D41A7780F3B32DE2E9 /* Pods-TableJSONUITests.debug.xcconfig */ = {isa = PBXFileReference; includeInIndex = 1; lastKnownFileType = text.xcconfig; name = "Pods-TableJSONUITests.debug.xcconfig"; path = "Pods/Target Support Files/Pods-TableJSONUITests/Pods-TableJSONUITests.debug.xcconfig"; sourceTree = "<group>"; };
		BF207B9F0DC023B175C8CDF9 /* Pods_TableJSON.framework */ = {isa = PBXFileReference; explicitFileType = wrapper.framework; includeInIndex = 0; path = Pods_TableJSON.framework; sourceTree = BUILT_PRODUCTS_DIR; };
		C3859B1C0DD0BAE73E7D9362 /* Pods-TableJSON.release.xcconfig */ = {isa = PBXFileReference; includeInIndex = 1; lastKnownFileType = text.xcconfig; name = "Pods-TableJSON.release.xcconfig"; path = "Pods/Target Support Files/Pods-TableJSON/Pods-TableJSON.release.xcconfig"; sourceTree = "<group>"; };
		E41396D9206184200083D94C /* FoodTableViewCell.swift */ = {isa = PBXFileReference; lastKnownFileType = sourcecode.swift; path = FoodTableViewCell.swift; sourceTree = "<group>"; };
		E4191D0C2062190A009F5E18 /* secondViewController.swift */ = {isa = PBXFileReference; lastKnownFileType = sourcecode.swift; path = secondViewController.swift; sourceTree = "<group>"; };
		E4191D0E2062197E009F5E18 /* secondCollectionViewCell.swift */ = {isa = PBXFileReference; lastKnownFileType = sourcecode.swift; path = secondCollectionViewCell.swift; sourceTree = "<group>"; };
		E4428BA02063795A007D2874 /* webview.swift */ = {isa = PBXFileReference; lastKnownFileType = sourcecode.swift; path = webview.swift; sourceTree = "<group>"; };
		E444ECC720747FC9008630FD /* likeCell.swift */ = {isa = PBXFileReference; lastKnownFileType = sourcecode.swift; path = likeCell.swift; sourceTree = "<group>"; };
		E444ECC92074806F008630FD /* likeController.swift */ = {isa = PBXFileReference; lastKnownFileType = sourcecode.swift; path = likeController.swift; sourceTree = "<group>"; };
		E444ECCB20749E46008630FD /* myvideoController.swift */ = {isa = PBXFileReference; lastKnownFileType = sourcecode.swift; path = myvideoController.swift; sourceTree = "<group>"; };
		E444ECCD20749E7F008630FD /* myvideoCell.swift */ = {isa = PBXFileReference; lastKnownFileType = sourcecode.swift; path = myvideoCell.swift; sourceTree = "<group>"; };
		E465AD4E207F1DCC00CCBE64 /* ViewController 03-50-37-347.swift */ = {isa = PBXFileReference; fileEncoding = 4; lastKnownFileType = sourcecode.swift; path = "ViewController 03-50-37-347.swift"; sourceTree = "<group>"; };
		E49069C520734B4A008C9614 /* newsTableViewCell.swift */ = {isa = PBXFileReference; lastKnownFileType = sourcecode.swift; path = newsTableViewCell.swift; sourceTree = "<group>"; };
		E49069C720734CAC008C9614 /* newsController.swift */ = {isa = PBXFileReference; lastKnownFileType = sourcecode.swift; path = newsController.swift; sourceTree = "<group>"; };
		E49069C92073B328008C9614 /* newswebController.swift */ = {isa = PBXFileReference; lastKnownFileType = sourcecode.swift; path = newswebController.swift; sourceTree = "<group>"; };
		E49069CB2073BCBC008C9614 /* HistoryCell.swift */ = {isa = PBXFileReference; lastKnownFileType = sourcecode.swift; path = HistoryCell.swift; sourceTree = "<group>"; };
		E49069CD2073BF6D008C9614 /* HistoryController.swift */ = {isa = PBXFileReference; lastKnownFileType = sourcecode.swift; path = HistoryController.swift; sourceTree = "<group>"; };
		E49069CF2073E3D1008C9614 /* watchleterCell.swift */ = {isa = PBXFileReference; lastKnownFileType = sourcecode.swift; path = watchleterCell.swift; sourceTree = "<group>"; };
		E49069D12073E407008C9614 /* watchleterController.swift */ = {isa = PBXFileReference; lastKnownFileType = sourcecode.swift; path = watchleterController.swift; sourceTree = "<group>"; };
		E4BC23A4206D0E5B009AC1E2 /* videosuges.swift */ = {isa = PBXFileReference; lastKnownFileType = sourcecode.swift; path = videosuges.swift; sourceTree = "<group>"; };
		E4CC659420615682001B4FE2 /* TableJSON.app */ = {isa = PBXFileReference; explicitFileType = wrapper.application; includeInIndex = 0; path = TableJSON.app; sourceTree = BUILT_PRODUCTS_DIR; };
		E4CC659720615682001B4FE2 /* AppDelegate.swift */ = {isa = PBXFileReference; lastKnownFileType = sourcecode.swift; path = AppDelegate.swift; sourceTree = "<group>"; };
		E4CC659C20615682001B4FE2 /* Base */ = {isa = PBXFileReference; lastKnownFileType = file.storyboard; name = Base; path = Base.lproj/Main.storyboard; sourceTree = "<group>"; };
		E4CC659E20615682001B4FE2 /* Assets.xcassets */ = {isa = PBXFileReference; lastKnownFileType = folder.assetcatalog; path = Assets.xcassets; sourceTree = "<group>"; };
		E4CC65A120615682001B4FE2 /* Base */ = {isa = PBXFileReference; lastKnownFileType = file.storyboard; name = Base; path = Base.lproj/LaunchScreen.storyboard; sourceTree = "<group>"; };
		E4CC65A320615682001B4FE2 /* Info.plist */ = {isa = PBXFileReference; lastKnownFileType = text.plist.xml; path = Info.plist; sourceTree = "<group>"; };
		E4CC65A820615683001B4FE2 /* TableJSONTests.xctest */ = {isa = PBXFileReference; explicitFileType = wrapper.cfbundle; includeInIndex = 0; path = TableJSONTests.xctest; sourceTree = BUILT_PRODUCTS_DIR; };
		E4CC65AC20615683001B4FE2 /* TableJSONTests.swift */ = {isa = PBXFileReference; lastKnownFileType = sourcecode.swift; path = TableJSONTests.swift; sourceTree = "<group>"; };
		E4CC65AE20615683001B4FE2 /* Info.plist */ = {isa = PBXFileReference; lastKnownFileType = text.plist.xml; path = Info.plist; sourceTree = "<group>"; };
		E4CC65B320615683001B4FE2 /* TableJSONUITests.xctest */ = {isa = PBXFileReference; explicitFileType = wrapper.cfbundle; includeInIndex = 0; path = TableJSONUITests.xctest; sourceTree = BUILT_PRODUCTS_DIR; };
		E4CC65B720615683001B4FE2 /* TableJSONUITests.swift */ = {isa = PBXFileReference; lastKnownFileType = sourcecode.swift; path = TableJSONUITests.swift; sourceTree = "<group>"; };
		E4CC65B920615683001B4FE2 /* Info.plist */ = {isa = PBXFileReference; lastKnownFileType = text.plist.xml; path = Info.plist; sourceTree = "<group>"; };
		E8041BD0B6C3E54C85F4D25A /* Pods-TableJSONTests.debug.xcconfig */ = {isa = PBXFileReference; includeInIndex = 1; lastKnownFileType = text.xcconfig; name = "Pods-TableJSONTests.debug.xcconfig"; path = "Pods/Target Support Files/Pods-TableJSONTests/Pods-TableJSONTests.debug.xcconfig"; sourceTree = "<group>"; };
		EDE1FB3E19794C8620DE8637 /* Pods-TableJSONTests.release.xcconfig */ = {isa = PBXFileReference; includeInIndex = 1; lastKnownFileType = text.xcconfig; name = "Pods-TableJSONTests.release.xcconfig"; path = "Pods/Target Support Files/Pods-TableJSONTests/Pods-TableJSONTests.release.xcconfig"; sourceTree = "<group>"; };
		F26C59AB83F6700E13310563 /* Pods-TableJSON.debug.xcconfig */ = {isa = PBXFileReference; includeInIndex = 1; lastKnownFileType = text.xcconfig; name = "Pods-TableJSON.debug.xcconfig"; path = "Pods/Target Support Files/Pods-TableJSON/Pods-TableJSON.debug.xcconfig"; sourceTree = "<group>"; };
/* End PBXFileReference section */

/* Begin PBXFrameworksBuildPhase section */
		E4CC659120615682001B4FE2 /* Frameworks */ = {
			isa = PBXFrameworksBuildPhase;
			buildActionMask = 2147483647;
			files = (
				0141E23E6958D07AB89D9B7F /* Pods_TableJSON.framework in Frameworks */,
			);
			runOnlyForDeploymentPostprocessing = 0;
		};
		E4CC65A520615683001B4FE2 /* Frameworks */ = {
			isa = PBXFrameworksBuildPhase;
			buildActionMask = 2147483647;
			files = (
				5A13F2536A7FCE8077244DEB /* Pods_TableJSONTests.framework in Frameworks */,
			);
			runOnlyForDeploymentPostprocessing = 0;
		};
		E4CC65B020615683001B4FE2 /* Frameworks */ = {
			isa = PBXFrameworksBuildPhase;
			buildActionMask = 2147483647;
			files = (
				F16843A58EAEF1FB0BE1A70A /* Pods_TableJSONUITests.framework in Frameworks */,
			);
			runOnlyForDeploymentPostprocessing = 0;
		};
/* End PBXFrameworksBuildPhase section */

/* Begin PBXGroup section */
		071A5F21073B95C7BEA437AE /* Pods */ = {
			isa = PBXGroup;
			children = (
				F26C59AB83F6700E13310563 /* Pods-TableJSON.debug.xcconfig */,
				C3859B1C0DD0BAE73E7D9362 /* Pods-TableJSON.release.xcconfig */,
				E8041BD0B6C3E54C85F4D25A /* Pods-TableJSONTests.debug.xcconfig */,
				EDE1FB3E19794C8620DE8637 /* Pods-TableJSONTests.release.xcconfig */,
				7F3313D41A7780F3B32DE2E9 /* Pods-TableJSONUITests.debug.xcconfig */,
				6E4D6F992816C3F1F5B95C92 /* Pods-TableJSONUITests.release.xcconfig */,
			);
			name = Pods;
			sourceTree = "<group>";
		};
		07FDB1690379436E7EC5FDEA /* Frameworks */ = {
			isa = PBXGroup;
			children = (
				BF207B9F0DC023B175C8CDF9 /* Pods_TableJSON.framework */,
				39D3F67DB3BE0B1CECDFA779 /* Pods_TableJSONTests.framework */,
				04E2639EF13BA3997F113892 /* Pods_TableJSONUITests.framework */,
			);
			name = Frameworks;
			sourceTree = "<group>";
		};
		E4CC658B20615682001B4FE2 = {
			isa = PBXGroup;
			children = (
				E4191D0C2062190A009F5E18 /* secondViewController.swift */,
				E4CC659620615682001B4FE2 /* TableJSON */,
				E4CC65AB20615683001B4FE2 /* TableJSONTests */,
				E4CC65B620615683001B4FE2 /* TableJSONUITests */,
				E4CC659520615682001B4FE2 /* Products */,
				071A5F21073B95C7BEA437AE /* Pods */,
				07FDB1690379436E7EC5FDEA /* Frameworks */,
			);
			sourceTree = "<group>";
		};
		E4CC659520615682001B4FE2 /* Products */ = {
			isa = PBXGroup;
			children = (
				E4CC659420615682001B4FE2 /* TableJSON.app */,
				E4CC65A820615683001B4FE2 /* TableJSONTests.xctest */,
				E4CC65B320615683001B4FE2 /* TableJSONUITests.xctest */,
			);
			name = Products;
			sourceTree = "<group>";
		};
		E4CC659620615682001B4FE2 /* TableJSON */ = {
			isa = PBXGroup;
			children = (
				E465AD4E207F1DCC00CCBE64 /* ViewController 03-50-37-347.swift */,
				E4CC659720615682001B4FE2 /* AppDelegate.swift */,
				E41396D9206184200083D94C /* FoodTableViewCell.swift */,
				E4CC659B20615682001B4FE2 /* Main.storyboard */,
				E4BC23A4206D0E5B009AC1E2 /* videosuges.swift */,
				E4CC659E20615682001B4FE2 /* Assets.xcassets */,
				E4CC65A020615682001B4FE2 /* LaunchScreen.storyboard */,
				E4CC65A320615682001B4FE2 /* Info.plist */,
				E4191D0E2062197E009F5E18 /* secondCollectionViewCell.swift */,
				E4428BA02063795A007D2874 /* webview.swift */,
				E49069C520734B4A008C9614 /* newsTableViewCell.swift */,
				E49069C720734CAC008C9614 /* newsController.swift */,
				E49069C92073B328008C9614 /* newswebController.swift */,
				E49069CB2073BCBC008C9614 /* HistoryCell.swift */,
				E49069CD2073BF6D008C9614 /* HistoryController.swift */,
				E49069CF2073E3D1008C9614 /* watchleterCell.swift */,
				E49069D12073E407008C9614 /* watchleterController.swift */,
				E444ECC720747FC9008630FD /* likeCell.swift */,
				E444ECC92074806F008630FD /* likeController.swift */,
				E444ECCB20749E46008630FD /* myvideoController.swift */,
				E444ECCD20749E7F008630FD /* myvideoCell.swift */,
			);
			path = TableJSON;
			sourceTree = "<group>";
		};
		E4CC65AB20615683001B4FE2 /* TableJSONTests */ = {
			isa = PBXGroup;
			children = (
				E4CC65AC20615683001B4FE2 /* TableJSONTests.swift */,
				E4CC65AE20615683001B4FE2 /* Info.plist */,
			);
			path = TableJSONTests;
			sourceTree = "<group>";
		};
		E4CC65B620615683001B4FE2 /* TableJSONUITests */ = {
			isa = PBXGroup;
			children = (
				E4CC65B720615683001B4FE2 /* TableJSONUITests.swift */,
				E4CC65B920615683001B4FE2 /* Info.plist */,
			);
			path = TableJSONUITests;
			sourceTree = "<group>";
		};
/* End PBXGroup section */

/* Begin PBXNativeTarget section */
		E4CC659320615682001B4FE2 /* TableJSON */ = {
			isa = PBXNativeTarget;
			buildConfigurationList = E4CC65BC20615683001B4FE2 /* Build configuration list for PBXNativeTarget "TableJSON" */;
			buildPhases = (
				81D5A0D97493F0887FC675D1 /* [CP] Check Pods Manifest.lock */,
				E4CC659020615682001B4FE2 /* Sources */,
				E4CC659120615682001B4FE2 /* Frameworks */,
				E4CC659220615682001B4FE2 /* Resources */,
				C310158F52E9A941C971911F /* [CP] Embed Pods Frameworks */,
				18DDE7A27CE8BAE0878749C4 /* [CP] Copy Pods Resources */,
			);
			buildRules = (
			);
			dependencies = (
			);
			name = TableJSON;
			productName = TableJSON;
			productReference = E4CC659420615682001B4FE2 /* TableJSON.app */;
			productType = "com.apple.product-type.application";
		};
		E4CC65A720615683001B4FE2 /* TableJSONTests */ = {
			isa = PBXNativeTarget;
			buildConfigurationList = E4CC65BF20615683001B4FE2 /* Build configuration list for PBXNativeTarget "TableJSONTests" */;
			buildPhases = (
				FACA6579804FCC44BA827B93 /* [CP] Check Pods Manifest.lock */,
				E4CC65A420615683001B4FE2 /* Sources */,
				E4CC65A520615683001B4FE2 /* Frameworks */,
				E4CC65A620615683001B4FE2 /* Resources */,
				2F61691011FE81EF2D6C0044 /* [CP] Embed Pods Frameworks */,
				82A316BAA151F76650A37451 /* [CP] Copy Pods Resources */,
			);
			buildRules = (
			);
			dependencies = (
				E4CC65AA20615683001B4FE2 /* PBXTargetDependency */,
			);
			name = TableJSONTests;
			productName = TableJSONTests;
			productReference = E4CC65A820615683001B4FE2 /* TableJSONTests.xctest */;
			productType = "com.apple.product-type.bundle.unit-test";
		};
		E4CC65B220615683001B4FE2 /* TableJSONUITests */ = {
			isa = PBXNativeTarget;
			buildConfigurationList = E4CC65C220615683001B4FE2 /* Build configuration list for PBXNativeTarget "TableJSONUITests" */;
			buildPhases = (
				4F5788AAD6CB9A8B714DBB34 /* [CP] Check Pods Manifest.lock */,
				E4CC65AF20615683001B4FE2 /* Sources */,
				E4CC65B020615683001B4FE2 /* Frameworks */,
				E4CC65B120615683001B4FE2 /* Resources */,
				2B6CF4ED40F15E2BBFEEBA85 /* [CP] Embed Pods Frameworks */,
				332D9AB14B4A48ADCB645331 /* [CP] Copy Pods Resources */,
			);
			buildRules = (
			);
			dependencies = (
				E4CC65B520615683001B4FE2 /* PBXTargetDependency */,
			);
			name = TableJSONUITests;
			productName = TableJSONUITests;
			productReference = E4CC65B320615683001B4FE2 /* TableJSONUITests.xctest */;
			productType = "com.apple.product-type.bundle.ui-testing";
		};
/* End PBXNativeTarget section */

/* Begin PBXProject section */
		E4CC658C20615682001B4FE2 /* Project object */ = {
			isa = PBXProject;
			attributes = {
				LastSwiftUpdateCheck = 0920;
				LastUpgradeCheck = 0920;
				ORGANIZATIONNAME = "Falgun Patel";
				TargetAttributes = {
					E4CC659320615682001B4FE2 = {
						CreatedOnToolsVersion = 9.2;
						ProvisioningStyle = Automatic;
					};
					E4CC65A720615683001B4FE2 = {
						CreatedOnToolsVersion = 9.2;
						ProvisioningStyle = Automatic;
						TestTargetID = E4CC659320615682001B4FE2;
					};
					E4CC65B220615683001B4FE2 = {
						CreatedOnToolsVersion = 9.2;
						ProvisioningStyle = Automatic;
						TestTargetID = E4CC659320615682001B4FE2;
					};
				};
			};
			buildConfigurationList = E4CC658F20615682001B4FE2 /* Build configuration list for PBXProject "TableJSON" */;
			compatibilityVersion = "Xcode 8.0";
			developmentRegion = en;
			hasScannedForEncodings = 0;
			knownRegions = (
				en,
				Base,
			);
			mainGroup = E4CC658B20615682001B4FE2;
			productRefGroup = E4CC659520615682001B4FE2 /* Products */;
			projectDirPath = "";
			projectRoot = "";
			targets = (
				E4CC659320615682001B4FE2 /* TableJSON */,
				E4CC65A720615683001B4FE2 /* TableJSONTests */,
				E4CC65B220615683001B4FE2 /* TableJSONUITests */,
			);
		};
/* End PBXProject section */

/* Begin PBXResourcesBuildPhase section */
		E4CC659220615682001B4FE2 /* Resources */ = {
			isa = PBXResourcesBuildPhase;
			buildActionMask = 2147483647;
			files = (
				E4CC65A220615682001B4FE2 /* LaunchScreen.storyboard in Resources */,
				E4CC659F20615682001B4FE2 /* Assets.xcassets in Resources */,
				E4CC659D20615682001B4FE2 /* Main.storyboard in Resources */,
			);
			runOnlyForDeploymentPostprocessing = 0;
		};
		E4CC65A620615683001B4FE2 /* Resources */ = {
			isa = PBXResourcesBuildPhase;
			buildActionMask = 2147483647;
			files = (
			);
			runOnlyForDeploymentPostprocessing = 0;
		};
		E4CC65B120615683001B4FE2 /* Resources */ = {
			isa = PBXResourcesBuildPhase;
			buildActionMask = 2147483647;
			files = (
			);
			runOnlyForDeploymentPostprocessing = 0;
		};
/* End PBXResourcesBuildPhase section */

/* Begin PBXShellScriptBuildPhase section */
		18DDE7A27CE8BAE0878749C4 /* [CP] Copy Pods Resources */ = {
			isa = PBXShellScriptBuildPhase;
			buildActionMask = 2147483647;
			files = (
			);
			inputPaths = (
			);
			name = "[CP] Copy Pods Resources";
			outputPaths = (
			);
			runOnlyForDeploymentPostprocessing = 0;
			shellPath = /bin/sh;
			shellScript = "\"${SRCROOT}/Pods/Target Support Files/Pods-TableJSON/Pods-TableJSON-resources.sh\"\n";
			showEnvVarsInLog = 0;
		};
		2B6CF4ED40F15E2BBFEEBA85 /* [CP] Embed Pods Frameworks */ = {
			isa = PBXShellScriptBuildPhase;
			buildActionMask = 2147483647;
			files = (
			);
			inputPaths = (
			);
			name = "[CP] Embed Pods Frameworks";
			outputPaths = (
			);
			runOnlyForDeploymentPostprocessing = 0;
			shellPath = /bin/sh;
			shellScript = "\"${SRCROOT}/Pods/Target Support Files/Pods-TableJSONUITests/Pods-TableJSONUITests-frameworks.sh\"\n";
			showEnvVarsInLog = 0;
		};
		2F61691011FE81EF2D6C0044 /* [CP] Embed Pods Frameworks */ = {
			isa = PBXShellScriptBuildPhase;
			buildActionMask = 2147483647;
			files = (
			);
			inputPaths = (
			);
			name = "[CP] Embed Pods Frameworks";
			outputPaths = (
			);
			runOnlyForDeploymentPostprocessing = 0;
			shellPath = /bin/sh;
			shellScript = "\"${SRCROOT}/Pods/Target Support Files/Pods-TableJSONTests/Pods-TableJSONTests-frameworks.sh\"\n";
			showEnvVarsInLog = 0;
		};
		332D9AB14B4A48ADCB645331 /* [CP] Copy Pods Resources */ = {
			isa = PBXShellScriptBuildPhase;
			buildActionMask = 2147483647;
			files = (
			);
			inputPaths = (
			);
			name = "[CP] Copy Pods Resources";
			outputPaths = (
			);
			runOnlyForDeploymentPostprocessing = 0;
			shellPath = /bin/sh;
			shellScript = "\"${SRCROOT}/Pods/Target Support Files/Pods-TableJSONUITests/Pods-TableJSONUITests-resources.sh\"\n";
			showEnvVarsInLog = 0;
		};
		4F5788AAD6CB9A8B714DBB34 /* [CP] Check Pods Manifest.lock */ = {
			isa = PBXShellScriptBuildPhase;
			buildActionMask = 2147483647;
			files = (
			);
			inputPaths = (
				"${PODS_PODFILE_DIR_PATH}/Podfile.lock",
				"${PODS_ROOT}/Manifest.lock",
			);
			name = "[CP] Check Pods Manifest.lock";
			outputPaths = (
				"$(DERIVED_FILE_DIR)/Pods-TableJSONUITests-checkManifestLockResult.txt",
			);
			runOnlyForDeploymentPostprocessing = 0;
			shellPath = /bin/sh;
			shellScript = "diff \"${PODS_PODFILE_DIR_PATH}/Podfile.lock\" \"${PODS_ROOT}/Manifest.lock\" > /dev/null\nif [ $? != 0 ] ; then\n    # print error to STDERR\n    echo \"error: The sandbox is not in sync with the Podfile.lock. Run 'pod install' or update your CocoaPods installation.\" >&2\n    exit 1\nfi\n# This output is used by Xcode 'outputs' to avoid re-running this script phase.\necho \"SUCCESS\" > \"${SCRIPT_OUTPUT_FILE_0}\"\n";
			showEnvVarsInLog = 0;
		};
		81D5A0D97493F0887FC675D1 /* [CP] Check Pods Manifest.lock */ = {
			isa = PBXShellScriptBuildPhase;
			buildActionMask = 2147483647;
			files = (
			);
			inputPaths = (
				"${PODS_PODFILE_DIR_PATH}/Podfile.lock",
				"${PODS_ROOT}/Manifest.lock",
			);
			name = "[CP] Check Pods Manifest.lock";
			outputPaths = (
				"$(DERIVED_FILE_DIR)/Pods-TableJSON-checkManifestLockResult.txt",
			);
			runOnlyForDeploymentPostprocessing = 0;
			shellPath = /bin/sh;
			shellScript = "diff \"${PODS_PODFILE_DIR_PATH}/Podfile.lock\" \"${PODS_ROOT}/Manifest.lock\" > /dev/null\nif [ $? != 0 ] ; then\n    # print error to STDERR\n    echo \"error: The sandbox is not in sync with the Podfile.lock. Run 'pod install' or update your CocoaPods installation.\" >&2\n    exit 1\nfi\n# This output is used by Xcode 'outputs' to avoid re-running this script phase.\necho \"SUCCESS\" > \"${SCRIPT_OUTPUT_FILE_0}\"\n";
			showEnvVarsInLog = 0;
		};
		82A316BAA151F76650A37451 /* [CP] Copy Pods Resources */ = {
			isa = PBXShellScriptBuildPhase;
			buildActionMask = 2147483647;
			files = (
			);
			inputPaths = (
			);
			name = "[CP] Copy Pods Resources";
			outputPaths = (
			);
			runOnlyForDeploymentPostprocessing = 0;
			shellPath = /bin/sh;
			shellScript = "\"${SRCROOT}/Pods/Target Support Files/Pods-TableJSONTests/Pods-TableJSONTests-resources.sh\"\n";
			showEnvVarsInLog = 0;
		};
		C310158F52E9A941C971911F /* [CP] Embed Pods Frameworks */ = {
			isa = PBXShellScriptBuildPhase;
			buildActionMask = 2147483647;
			files = (
			);
			inputPaths = (
				"${SRCROOT}/Pods/Target Support Files/Pods-TableJSON/Pods-TableJSON-frameworks.sh",
				"${BUILT_PRODUCTS_DIR}/Alamofire/Alamofire.framework",
				"${BUILT_PRODUCTS_DIR}/AlamofireImage/AlamofireImage.framework",
			);
			name = "[CP] Embed Pods Frameworks";
			outputPaths = (
				"${TARGET_BUILD_DIR}/${FRAMEWORKS_FOLDER_PATH}/Alamofire.framework",
				"${TARGET_BUILD_DIR}/${FRAMEWORKS_FOLDER_PATH}/AlamofireImage.framework",
			);
			runOnlyForDeploymentPostprocessing = 0;
			shellPath = /bin/sh;
			shellScript = "\"${SRCROOT}/Pods/Target Support Files/Pods-TableJSON/Pods-TableJSON-frameworks.sh\"\n";
			showEnvVarsInLog = 0;
		};
		FACA6579804FCC44BA827B93 /* [CP] Check Pods Manifest.lock */ = {
			isa = PBXShellScriptBuildPhase;
			buildActionMask = 2147483647;
			files = (
			);
			inputPaths = (
				"${PODS_PODFILE_DIR_PATH}/Podfile.lock",
				"${PODS_ROOT}/Manifest.lock",
			);
			name = "[CP] Check Pods Manifest.lock";
			outputPaths = (
				"$(DERIVED_FILE_DIR)/Pods-TableJSONTests-checkManifestLockResult.txt",
			);
			runOnlyForDeploymentPostprocessing = 0;
			shellPath = /bin/sh;
			shellScript = "diff \"${PODS_PODFILE_DIR_PATH}/Podfile.lock\" \"${PODS_ROOT}/Manifest.lock\" > /dev/null\nif [ $? != 0 ] ; then\n    # print error to STDERR\n    echo \"error: The sandbox is not in sync with the Podfile.lock. Run 'pod install' or update your CocoaPods installation.\" >&2\n    exit 1\nfi\n# This output is used by Xcode 'outputs' to avoid re-running this script phase.\necho \"SUCCESS\" > \"${SCRIPT_OUTPUT_FILE_0}\"\n";
			showEnvVarsInLog = 0;
		};
/* End PBXShellScriptBuildPhase section */

/* Begin PBXSourcesBuildPhase section */
		E4CC659020615682001B4FE2 /* Sources */ = {
			isa = PBXSourcesBuildPhase;
			buildActionMask = 2147483647;
			files = (
				E49069D22073E407008C9614 /* watchleterController.swift in Sources */,
				E4191D0D2062190A009F5E18 /* secondViewController.swift in Sources */,
				E4428BA12063795A007D2874 /* webview.swift in Sources */,
				E444ECC820747FC9008630FD /* likeCell.swift in Sources */,
				E49069C620734B4A008C9614 /* newsTableViewCell.swift in Sources */,
				E465AD4F207F1DCD00CCBE64 /* ViewController 03-50-37-347.swift in Sources */,
				E4CC659820615682001B4FE2 /* AppDelegate.swift in Sources */,
				E49069CE2073BF6D008C9614 /* HistoryController.swift in Sources */,
				E4BC23A5206D0E5B009AC1E2 /* videosuges.swift in Sources */,
				E444ECCA2074806F008630FD /* likeController.swift in Sources */,
				E49069D02073E3D2008C9614 /* watchleterCell.swift in Sources */,
				E49069C820734CAC008C9614 /* newsController.swift in Sources */,
				E444ECCC20749E47008630FD /* myvideoController.swift in Sources */,
				E444ECCE20749E7F008630FD /* myvideoCell.swift in Sources */,
				E49069CA2073B329008C9614 /* newswebController.swift in Sources */,
				E41396DA206184200083D94C /* FoodTableViewCell.swift in Sources */,
				E4191D0F2062197E009F5E18 /* secondCollectionViewCell.swift in Sources */,
				E49069CC2073BCBC008C9614 /* HistoryCell.swift in Sources */,
			);
			runOnlyForDeploymentPostprocessing = 0;
		};
		E4CC65A420615683001B4FE2 /* Sources */ = {
			isa = PBXSourcesBuildPhase;
			buildActionMask = 2147483647;
			files = (
				E4CC65AD20615683001B4FE2 /* TableJSONTests.swift in Sources */,
			);
			runOnlyForDeploymentPostprocessing = 0;
		};
		E4CC65AF20615683001B4FE2 /* Sources */ = {
			isa = PBXSourcesBuildPhase;
			buildActionMask = 2147483647;
			files = (
				E4CC65B820615683001B4FE2 /* TableJSONUITests.swift in Sources */,
			);
			runOnlyForDeploymentPostprocessing = 0;
		};
/* End PBXSourcesBuildPhase section */

/* Begin PBXTargetDependency section */
		E4CC65AA20615683001B4FE2 /* PBXTargetDependency */ = {
			isa = PBXTargetDependency;
			target = E4CC659320615682001B4FE2 /* TableJSON */;
			targetProxy = E4CC65A920615683001B4FE2 /* PBXContainerItemProxy */;
		};
		E4CC65B520615683001B4FE2 /* PBXTargetDependency */ = {
			isa = PBXTargetDependency;
			target = E4CC659320615682001B4FE2 /* TableJSON */;
			targetProxy = E4CC65B420615683001B4FE2 /* PBXContainerItemProxy */;
		};
/* End PBXTargetDependency section */

/* Begin PBXVariantGroup section */
		E4CC659B20615682001B4FE2 /* Main.storyboard */ = {
			isa = PBXVariantGroup;
			children = (
				E4CC659C20615682001B4FE2 /* Base */,
			);
			name = Main.storyboard;
			sourceTree = "<group>";
		};
		E4CC65A020615682001B4FE2 /* LaunchScreen.storyboard */ = {
			isa = PBXVariantGroup;
			children = (
				E4CC65A120615682001B4FE2 /* Base */,
			);
			name = LaunchScreen.storyboard;
			sourceTree = "<group>";
		};
/* End PBXVariantGroup section */

/* Begin XCBuildConfiguration section */
		E4CC65BA20615683001B4FE2 /* Debug */ = {
			isa = XCBuildConfiguration;
			buildSettings = {
				ALWAYS_SEARCH_USER_PATHS = NO;
				CLANG_ANALYZER_NONNULL = YES;
				CLANG_ANALYZER_NUMBER_OBJECT_CONVERSION = YES_AGGRESSIVE;
				CLANG_CXX_LANGUAGE_STANDARD = "gnu++14";
				CLANG_CXX_LIBRARY = "libc++";
				CLANG_ENABLE_MODULES = YES;
				CLANG_ENABLE_OBJC_ARC = YES;
				CLANG_WARN_BLOCK_CAPTURE_AUTORELEASING = YES;
				CLANG_WARN_BOOL_CONVERSION = YES;
				CLANG_WARN_COMMA = YES;
				CLANG_WARN_CONSTANT_CONVERSION = YES;
				CLANG_WARN_DIRECT_OBJC_ISA_USAGE = YES_ERROR;
				CLANG_WARN_DOCUMENTATION_COMMENTS = YES;
				CLANG_WARN_EMPTY_BODY = YES;
				CLANG_WARN_ENUM_CONVERSION = YES;
				CLANG_WARN_INFINITE_RECURSION = YES;
				CLANG_WARN_INT_CONVERSION = YES;
				CLANG_WARN_NON_LITERAL_NULL_CONVERSION = YES;
				CLANG_WARN_OBJC_LITERAL_CONVERSION = YES;
				CLANG_WARN_OBJC_ROOT_CLASS = YES_ERROR;
				CLANG_WARN_RANGE_LOOP_ANALYSIS = YES;
				CLANG_WARN_STRICT_PROTOTYPES = YES;
				CLANG_WARN_SUSPICIOUS_MOVE = YES;
				CLANG_WARN_UNGUARDED_AVAILABILITY = YES_AGGRESSIVE;
				CLANG_WARN_UNREACHABLE_CODE = YES;
				CLANG_WARN__DUPLICATE_METHOD_MATCH = YES;
				CODE_SIGN_IDENTITY = "iPhone Developer";
				COPY_PHASE_STRIP = NO;
				DEBUG_INFORMATION_FORMAT = dwarf;
				ENABLE_STRICT_OBJC_MSGSEND = YES;
				ENABLE_TESTABILITY = YES;
				GCC_C_LANGUAGE_STANDARD = gnu11;
				GCC_DYNAMIC_NO_PIC = NO;
				GCC_NO_COMMON_BLOCKS = YES;
				GCC_OPTIMIZATION_LEVEL = 0;
				GCC_PREPROCESSOR_DEFINITIONS = (
					"DEBUG=1",
					"$(inherited)",
				);
				GCC_WARN_64_TO_32_BIT_CONVERSION = YES;
				GCC_WARN_ABOUT_RETURN_TYPE = YES_ERROR;
				GCC_WARN_UNDECLARED_SELECTOR = YES;
				GCC_WARN_UNINITIALIZED_AUTOS = YES_AGGRESSIVE;
				GCC_WARN_UNUSED_FUNCTION = YES;
				GCC_WARN_UNUSED_VARIABLE = YES;
				IPHONEOS_DEPLOYMENT_TARGET = 11.2;
				MTL_ENABLE_DEBUG_INFO = YES;
				ONLY_ACTIVE_ARCH = YES;
				SDKROOT = iphoneos;
				SWIFT_ACTIVE_COMPILATION_CONDITIONS = DEBUG;
				SWIFT_OPTIMIZATION_LEVEL = "-Onone";
			};
			name = Debug;
		};
		E4CC65BB20615683001B4FE2 /* Release */ = {
			isa = XCBuildConfiguration;
			buildSettings = {
				ALWAYS_SEARCH_USER_PATHS = NO;
				CLANG_ANALYZER_NONNULL = YES;
				CLANG_ANALYZER_NUMBER_OBJECT_CONVERSION = YES_AGGRESSIVE;
				CLANG_CXX_LANGUAGE_STANDARD = "gnu++14";
				CLANG_CXX_LIBRARY = "libc++";
				CLANG_ENABLE_MODULES = YES;
				CLANG_ENABLE_OBJC_ARC = YES;
				CLANG_WARN_BLOCK_CAPTURE_AUTORELEASING = YES;
				CLANG_WARN_BOOL_CONVERSION = YES;
				CLANG_WARN_COMMA = YES;
				CLANG_WARN_CONSTANT_CONVERSION = YES;
				CLANG_WARN_DIRECT_OBJC_ISA_USAGE = YES_ERROR;
				CLANG_WARN_DOCUMENTATION_COMMENTS = YES;
				CLANG_WARN_EMPTY_BODY = YES;
				CLANG_WARN_ENUM_CONVERSION = YES;
				CLANG_WARN_INFINITE_RECURSION = YES;
				CLANG_WARN_INT_CONVERSION = YES;
				CLANG_WARN_NON_LITERAL_NULL_CONVERSION = YES;
				CLANG_WARN_OBJC_LITERAL_CONVERSION = YES;
				CLANG_WARN_OBJC_ROOT_CLASS = YES_ERROR;
				CLANG_WARN_RANGE_LOOP_ANALYSIS = YES;
				CLANG_WARN_STRICT_PROTOTYPES = YES;
				CLANG_WARN_SUSPICIOUS_MOVE = YES;
				CLANG_WARN_UNGUARDED_AVAILABILITY = YES_AGGRESSIVE;
				CLANG_WARN_UNREACHABLE_CODE = YES;
				CLANG_WARN__DUPLICATE_METHOD_MATCH = YES;
				CODE_SIGN_IDENTITY = "iPhone Developer";
				COPY_PHASE_STRIP = NO;
				DEBUG_INFORMATION_FORMAT = "dwarf-with-dsym";
				ENABLE_NS_ASSERTIONS = NO;
				ENABLE_STRICT_OBJC_MSGSEND = YES;
				GCC_C_LANGUAGE_STANDARD = gnu11;
				GCC_NO_COMMON_BLOCKS = YES;
				GCC_WARN_64_TO_32_BIT_CONVERSION = YES;
				GCC_WARN_ABOUT_RETURN_TYPE = YES_ERROR;
				GCC_WARN_UNDECLARED_SELECTOR = YES;
				GCC_WARN_UNINITIALIZED_AUTOS = YES_AGGRESSIVE;
				GCC_WARN_UNUSED_FUNCTION = YES;
				GCC_WARN_UNUSED_VARIABLE = YES;
				IPHONEOS_DEPLOYMENT_TARGET = 11.2;
				MTL_ENABLE_DEBUG_INFO = NO;
				SDKROOT = iphoneos;
				SWIFT_OPTIMIZATION_LEVEL = "-Owholemodule";
				VALIDATE_PRODUCT = YES;
			};
			name = Release;
		};
		E4CC65BD20615683001B4FE2 /* Debug */ = {
			isa = XCBuildConfiguration;
			baseConfigurationReference = F26C59AB83F6700E13310563 /* Pods-TableJSON.debug.xcconfig */;
			buildSettings = {
				ASSETCATALOG_COMPILER_APPICON_NAME = AppIcon;
				CODE_SIGN_STYLE = Automatic;
				INFOPLIST_FILE = TableJSON/Info.plist;
				LD_RUNPATH_SEARCH_PATHS = "$(inherited) @executable_path/Frameworks";
				PRODUCT_BUNDLE_IDENTIFIER = com.example.TableJSON;
				PRODUCT_NAME = "$(TARGET_NAME)";
				SWIFT_VERSION = 4.0;
				TARGETED_DEVICE_FAMILY = "1,2";
			};
			name = Debug;
		};
		E4CC65BE20615683001B4FE2 /* Release */ = {
			isa = XCBuildConfiguration;
			baseConfigurationReference = C3859B1C0DD0BAE73E7D9362 /* Pods-TableJSON.release.xcconfig */;
			buildSettings = {
				ASSETCATALOG_COMPILER_APPICON_NAME = AppIcon;
				CODE_SIGN_STYLE = Automatic;
				INFOPLIST_FILE = TableJSON/Info.plist;
				LD_RUNPATH_SEARCH_PATHS = "$(inherited) @executable_path/Frameworks";
				PRODUCT_BUNDLE_IDENTIFIER = com.example.TableJSON;
				PRODUCT_NAME = "$(TARGET_NAME)";
				SWIFT_VERSION = 4.0;
				TARGETED_DEVICE_FAMILY = "1,2";
			};
			name = Release;
		};
		E4CC65C020615683001B4FE2 /* Debug */ = {
			isa = XCBuildConfiguration;
			baseConfigurationReference = E8041BD0B6C3E54C85F4D25A /* Pods-TableJSONTests.debug.xcconfig */;
			buildSettings = {
				ALWAYS_EMBED_SWIFT_STANDARD_LIBRARIES = YES;
				BUNDLE_LOADER = "$(TEST_HOST)";
				CODE_SIGN_STYLE = Automatic;
				INFOPLIST_FILE = TableJSONTests/Info.plist;
				LD_RUNPATH_SEARCH_PATHS = "$(inherited) @executable_path/Frameworks @loader_path/Frameworks";
				PRODUCT_BUNDLE_IDENTIFIER = com.example.TableJSONTests;
				PRODUCT_NAME = "$(TARGET_NAME)";
				SWIFT_VERSION = 4.0;
				TARGETED_DEVICE_FAMILY = "1,2";
				TEST_HOST = "$(BUILT_PRODUCTS_DIR)/TableJSON.app/TableJSON";
			};
			name = Debug;
		};
		E4CC65C120615683001B4FE2 /* Release */ = {
			isa = XCBuildConfiguration;
			baseConfigurationReference = EDE1FB3E19794C8620DE8637 /* Pods-TableJSONTests.release.xcconfig */;
			buildSettings = {
				ALWAYS_EMBED_SWIFT_STANDARD_LIBRARIES = YES;
				BUNDLE_LOADER = "$(TEST_HOST)";
				CODE_SIGN_STYLE = Automatic;
				INFOPLIST_FILE = TableJSONTests/Info.plist;
				LD_RUNPATH_SEARCH_PATHS = "$(inherited) @executable_path/Frameworks @loader_path/Frameworks";
				PRODUCT_BUNDLE_IDENTIFIER = com.example.TableJSONTests;
				PRODUCT_NAME = "$(TARGET_NAME)";
				SWIFT_VERSION = 4.0;
				TARGETED_DEVICE_FAMILY = "1,2";
				TEST_HOST = "$(BUILT_PRODUCTS_DIR)/TableJSON.app/TableJSON";
			};
			name = Release;
		};
		E4CC65C320615683001B4FE2 /* Debug */ = {
			isa = XCBuildConfiguration;
			baseConfigurationReference = 7F3313D41A7780F3B32DE2E9 /* Pods-TableJSONUITests.debug.xcconfig */;
			buildSettings = {
				ALWAYS_EMBED_SWIFT_STANDARD_LIBRARIES = YES;
				CODE_SIGN_STYLE = Automatic;
				INFOPLIST_FILE = TableJSONUITests/Info.plist;
				LD_RUNPATH_SEARCH_PATHS = "$(inherited) @executable_path/Frameworks @loader_path/Frameworks";
				PRODUCT_BUNDLE_IDENTIFIER = com.example.TableJSONUITests;
				PRODUCT_NAME = "$(TARGET_NAME)";
				SWIFT_VERSION = 4.0;
				TARGETED_DEVICE_FAMILY = "1,2";
				TEST_TARGET_NAME = TableJSON;
			};
			name = Debug;
		};
		E4CC65C420615683001B4FE2 /* Release */ = {
			isa = XCBuildConfiguration;
			baseConfigurationReference = 6E4D6F992816C3F1F5B95C92 /* Pods-TableJSONUITests.release.xcconfig */;
			buildSettings = {
				ALWAYS_EMBED_SWIFT_STANDARD_LIBRARIES = YES;
				CODE_SIGN_STYLE = Automatic;
				INFOPLIST_FILE = TableJSONUITests/Info.plist;
				LD_RUNPATH_SEARCH_PATHS = "$(inherited) @executable_path/Frameworks @loader_path/Frameworks";
				PRODUCT_BUNDLE_IDENTIFIER = com.example.TableJSONUITests;
				PRODUCT_NAME = "$(TARGET_NAME)";
				SWIFT_VERSION = 4.0;
				TARGETED_DEVICE_FAMILY = "1,2";
				TEST_TARGET_NAME = TableJSON;
			};
			name = Release;
		};
/* End XCBuildConfiguration section */

/* Begin XCConfigurationList section */
		E4CC658F20615682001B4FE2 /* Build configuration list for PBXProject "TableJSON" */ = {
			isa = XCConfigurationList;
			buildConfigurations = (
				E4CC65BA20615683001B4FE2 /* Debug */,
				E4CC65BB20615683001B4FE2 /* Release */,
			);
			defaultConfigurationIsVisible = 0;
			defaultConfigurationName = Release;
		};
		E4CC65BC20615683001B4FE2 /* Build configuration list for PBXNativeTarget "TableJSON" */ = {
			isa = XCConfigurationList;
			buildConfigurations = (
				E4CC65BD20615683001B4FE2 /* Debug */,
				E4CC65BE20615683001B4FE2 /* Release */,
			);
			defaultConfigurationIsVisible = 0;
			defaultConfigurationName = Release;
		};
		E4CC65BF20615683001B4FE2 /* Build configuration list for PBXNativeTarget "TableJSONTests" */ = {
			isa = XCConfigurationList;
			buildConfigurations = (
				E4CC65C020615683001B4FE2 /* Debug */,
				E4CC65C120615683001B4FE2 /* Release */,
			);
			defaultConfigurationIsVisible = 0;
			defaultConfigurationName = Release;
		};
		E4CC65C220615683001B4FE2 /* Build configuration list for PBXNativeTarget "TableJSONUITests" */ = {
			isa = XCConfigurationList;
			buildConfigurations = (
				E4CC65C320615683001B4FE2 /* Debug */,
				E4CC65C420615683001B4FE2 /* Release */,
			);
			defaultConfigurationIsVisible = 0;
			defaultConfigurationName = Release;
		};
/* End XCConfigurationList section */
	};
	rootObject = E4CC658C20615682001B4FE2 /* Project object */;
}
